
Microsoft Visual Studio Solution File, Format Version 12.00
# Visual Studio 2013
VisualStudioVersion = 12.0.30501.0
MinimumVisualStudioVersion = 10.0.40219.1
Project("{FAE04EC0-301F-11D3-BF4B-00C04F79EFBC}") = "Chronometer", "Chronometer\Chronometer.csproj", "{A7DB622D-13DD-46F3-9EB3-273204E933CC}"
EndProject
Project("{FAE04EC0-301F-11D3-BF4B-00C04F79EFBC}") = "Chronometer.Tests", "Chronometer.Tests\Chronometer.Tests.csproj", "{2B203339-86BF-4C74-ABD4-0B7CD2B2D147}"
EndProject
Global
	GlobalSection(SolutionConfigurationPlatforms) = preSolution
		Debug|Any CPU = Debug|Any CPU
		Release|Any CPU = Release|Any CPU
	EndGlobalSection
	GlobalSection(ProjectConfigurationPlatforms) = postSolution
		{A7DB622D-13DD-46F3-9EB3-273204E933CC}.Debug|Any CPU.ActiveCfg = Debug|Any CPU
		{A7DB622D-13DD-46F3-9EB3-273204E933CC}.Debug|Any CPU.Build.0 = Debug|Any CPU
		{A7DB622D-13DD-46F3-9EB3-273204E933CC}.Release|Any CPU.ActiveCfg = Release|Any CPU
		{A7DB622D-13DD-46F3-9EB3-273204E933CC}.Release|Any CPU.Build.0 = Release|Any CPU
		{2B203339-86BF-4C74-ABD4-0B7CD2B2D147}.Debug|Any CPU.ActiveCfg = Debug|Any CPU
		{2B203339-86BF-4C74-ABD4-0B7CD2B2D147}.Debug|Any CPU.Build.0 = Debug|Any CPU
		{2B203339-86BF-4C74-ABD4-0B7CD2B2D147}.Release|Any CPU.ActiveCfg = Release|Any CPU
		{2B203339-86BF-4C74-ABD4-0B7CD2B2D147}.Release|Any CPU.Build.0 = Release|Any CPU
	EndGlobalSection
	GlobalSection(SolutionProperties) = preSolution
		HideSolutionNode = FALSE
	EndGlobalSection
EndGlobal
